
Microsoft Visual Studio Solution File, Format Version 12.00
# Visual Studio Version 17
VisualStudioVersion = 17.0.32126.317
MinimumVisualStudioVersion = 10.0.40219.1
Project("{9A19103F-16F7-4668-BE54-9A1E7A4F7556}") = "IRCConnection", "IRCConnection.csproj", "{0513D5E8-8A66-4F04-8BAF-7DA28ED3BBB1}"
EndProject
Global
	GlobalSection(SolutionConfigurationPlatforms) = preSolution
		Debug|Any CPU = Debug|Any CPU
		Release|Any CPU = Release|Any CPU
	EndGlobalSection
	GlobalSection(ProjectConfigurationPlatforms) = postSolution
		{0513D5E8-8A66-4F04-8BAF-7DA28ED3BBB1}.Debug|Any CPU.ActiveCfg = Debug|Any CPU
		{0513D5E8-8A66-4F04-8BAF-7DA28ED3BBB1}.Debug|Any CPU.Build.0 = Debug|Any CPU
		{0513D5E8-8A66-4F04-8BAF-7DA28ED3BBB1}.Release|Any CPU.ActiveCfg = Release|Any CPU
		{0513D5E8-8A66-4F04-8BAF-7DA28ED3BBB1}.Release|Any CPU.Build.0 = Release|Any CPU
	EndGlobalSection
	GlobalSection(SolutionProperties) = preSolution
		HideSolutionNode = FALSE
	EndGlobalSection
	GlobalSection(ExtensibilityGlobals) = postSolution
		SolutionGuid = {6A5F8B80-7F87-4653-AC68-8CC22CD98433}
	EndGlobalSection
EndGlobal
